
Microsoft Visual Studio Solution File, Format Version 12.00
# Visual Studio Version 17
VisualStudioVersion = 17.7.34202.233
MinimumVisualStudioVersion = 10.0.40219.1
Project("{FAE04EC0-301F-11D3-BF4B-00C04F79EFBC}") = "lab6", "lab6\lab6.csproj", "{70C567B7-51C2-46E4-A82A-556CC6272377}"
EndProject
Global
	GlobalSection(SolutionConfigurationPlatforms) = preSolution
		Debug|Any CPU = Debug|Any CPU
		Release|Any CPU = Release|Any CPU
	EndGlobalSection
	GlobalSection(ProjectConfigurationPlatforms) = postSolution
		{70C567B7-51C2-46E4-A82A-556CC6272377}.Debug|Any CPU.ActiveCfg = Debug|Any CPU
		{70C567B7-51C2-46E4-A82A-556CC6272377}.Debug|Any CPU.Build.0 = Debug|Any CPU
		{70C567B7-51C2-46E4-A82A-556CC6272377}.Release|Any CPU.ActiveCfg = Release|Any CPU
		{70C567B7-51C2-46E4-A82A-556CC6272377}.Release|Any CPU.Build.0 = Release|Any CPU
	EndGlobalSection
	GlobalSection(SolutionProperties) = preSolution
		HideSolutionNode = FALSE
	EndGlobalSection
	GlobalSection(ExtensibilityGlobals) = postSolution
		SolutionGuid = {8B177B6C-89CD-40FE-85A0-D08E27B01B62}
	EndGlobalSection
EndGlobal
